
Microsoft Visual Studio Solution File, Format Version 12.00
# Visual Studio 15
VisualStudioVersion = 15.0.26403.7
MinimumVisualStudioVersion = 10.0.40219.1
Project("{8BC9CEB8-8B4A-11D0-8D11-00A0C91BC942}") = "ACS-Compiler", "ACS-Compiler\ACS-Compiler.vcxproj", "{DB3E1ADE-635C-4090-824A-F7DABB82A751}"
EndProject
Project("{8BC9CEB8-8B4A-11D0-8D11-00A0C91BC942}") = "ACS-Interpreter", "ACS-Interpreter\ACS-Interpreter.vcxproj", "{4FC3898F-20CF-4906-9B4D-259AEE2ABEFB}"
EndProject
Project("{8BC9CEB8-8B4A-11D0-8D11-00A0C91BC942}") = "ACS-lexer", "ACS-lexer\ACS-lexer.vcxproj", "{5FCA7313-645B-4FF1-AE4D-753A93347CE5}"
EndProject
Global
	GlobalSection(SolutionConfigurationPlatforms) = preSolution
		Debug|x64 = Debug|x64
		Debug|x86 = Debug|x86
		Release|x64 = Release|x64
		Release|x86 = Release|x86
	EndGlobalSection
	GlobalSection(ProjectConfigurationPlatforms) = postSolution
		{DB3E1ADE-635C-4090-824A-F7DABB82A751}.Debug|x64.ActiveCfg = Debug|x64
		{DB3E1ADE-635C-4090-824A-F7DABB82A751}.Debug|x64.Build.0 = Debug|x64
		{DB3E1ADE-635C-4090-824A-F7DABB82A751}.Debug|x86.ActiveCfg = Debug|Win32
		{DB3E1ADE-635C-4090-824A-F7DABB82A751}.Debug|x86.Build.0 = Debug|Win32
		{DB3E1ADE-635C-4090-824A-F7DABB82A751}.Release|x64.ActiveCfg = Release|x64
		{DB3E1ADE-635C-4090-824A-F7DABB82A751}.Release|x64.Build.0 = Release|x64
		{DB3E1ADE-635C-4090-824A-F7DABB82A751}.Release|x86.ActiveCfg = Release|Win32
		{DB3E1ADE-635C-4090-824A-F7DABB82A751}.Release|x86.Build.0 = Release|Win32
		{4FC3898F-20CF-4906-9B4D-259AEE2ABEFB}.Debug|x64.ActiveCfg = Debug|x64
		{4FC3898F-20CF-4906-9B4D-259AEE2ABEFB}.Debug|x64.Build.0 = Debug|x64
		{4FC3898F-20CF-4906-9B4D-259AEE2ABEFB}.Debug|x86.ActiveCfg = Debug|Win32
		{4FC3898F-20CF-4906-9B4D-259AEE2ABEFB}.Debug|x86.Build.0 = Debug|Win32
		{4FC3898F-20CF-4906-9B4D-259AEE2ABEFB}.Release|x64.ActiveCfg = Release|x64
		{4FC3898F-20CF-4906-9B4D-259AEE2ABEFB}.Release|x64.Build.0 = Release|x64
		{4FC3898F-20CF-4906-9B4D-259AEE2ABEFB}.Release|x86.ActiveCfg = Release|Win32
		{4FC3898F-20CF-4906-9B4D-259AEE2ABEFB}.Release|x86.Build.0 = Release|Win32
		{5FCA7313-645B-4FF1-AE4D-753A93347CE5}.Debug|x64.ActiveCfg = Debug|x64
		{5FCA7313-645B-4FF1-AE4D-753A93347CE5}.Debug|x64.Build.0 = Debug|x64
		{5FCA7313-645B-4FF1-AE4D-753A93347CE5}.Debug|x86.ActiveCfg = Debug|Win32
		{5FCA7313-645B-4FF1-AE4D-753A93347CE5}.Debug|x86.Build.0 = Debug|Win32
		{5FCA7313-645B-4FF1-AE4D-753A93347CE5}.Release|x64.ActiveCfg = Release|x64
		{5FCA7313-645B-4FF1-AE4D-753A93347CE5}.Release|x64.Build.0 = Release|x64
		{5FCA7313-645B-4FF1-AE4D-753A93347CE5}.Release|x86.ActiveCfg = Release|Win32
		{5FCA7313-645B-4FF1-AE4D-753A93347CE5}.Release|x86.Build.0 = Release|Win32
	EndGlobalSection
	GlobalSection(SolutionProperties) = preSolution
		HideSolutionNode = FALSE
	EndGlobalSection
EndGlobal
